// !$*UTF8*$!
{
	archiveVersion = 1;
	classes = {
	};
	objectVersion = 55;
	objects = {

/* Begin PBXBuildFile section */
		AF07A38F27E85FF1001D2759 /* MainView.swift in Sources */ = {isa = PBXBuildFile; fileRef = AF07A38E27E85FF1001D2759 /* MainView.swift */; };
		AF07A39027E85FF1001D2759 /* MainView.swift in Sources */ = {isa = PBXBuildFile; fileRef = AF07A38E27E85FF1001D2759 /* MainView.swift */; };
		AF07A39127E85FF1001D2759 /* MainView.swift in Sources */ = {isa = PBXBuildFile; fileRef = AF07A38E27E85FF1001D2759 /* MainView.swift */; };
		AF07A39327E8600F001D2759 /* Header.swift in Sources */ = {isa = PBXBuildFile; fileRef = AF07A39227E8600F001D2759 /* Header.swift */; };
		AF07A39427E8600F001D2759 /* Header.swift in Sources */ = {isa = PBXBuildFile; fileRef = AF07A39227E8600F001D2759 /* Header.swift */; };
		AF07A39527E8600F001D2759 /* Header.swift in Sources */ = {isa = PBXBuildFile; fileRef = AF07A39227E8600F001D2759 /* Header.swift */; };
		AF07A39727E864A7001D2759 /* AccountList.swift in Sources */ = {isa = PBXBuildFile; fileRef = AF07A39627E864A7001D2759 /* AccountList.swift */; };
		AF07A39827E864A7001D2759 /* AccountList.swift in Sources */ = {isa = PBXBuildFile; fileRef = AF07A39627E864A7001D2759 /* AccountList.swift */; };
		AF07A39927E864A7001D2759 /* AccountList.swift in Sources */ = {isa = PBXBuildFile; fileRef = AF07A39627E864A7001D2759 /* AccountList.swift */; };
		AF07A39B27E87016001D2759 /* Account.swift in Sources */ = {isa = PBXBuildFile; fileRef = AF07A39A27E87016001D2759 /* Account.swift */; };
		AF07A39C27E87016001D2759 /* Account.swift in Sources */ = {isa = PBXBuildFile; fileRef = AF07A39A27E87016001D2759 /* Account.swift */; };
		AF07A39D27E87016001D2759 /* Account.swift in Sources */ = {isa = PBXBuildFile; fileRef = AF07A39A27E87016001D2759 /* Account.swift */; };
		AF07A39F27E8707B001D2759 /* AddAccount.swift in Sources */ = {isa = PBXBuildFile; fileRef = AF07A39E27E8707B001D2759 /* AddAccount.swift */; };
		AF07A3A027E8707B001D2759 /* AddAccount.swift in Sources */ = {isa = PBXBuildFile; fileRef = AF07A39E27E8707B001D2759 /* AddAccount.swift */; };
		AF07A3A127E8707B001D2759 /* AddAccount.swift in Sources */ = {isa = PBXBuildFile; fileRef = AF07A39E27E8707B001D2759 /* AddAccount.swift */; };
		AF07A3A327E8814C001D2759 /* ReceiveAndBuy.swift in Sources */ = {isa = PBXBuildFile; fileRef = AF07A3A227E8814C001D2759 /* ReceiveAndBuy.swift */; };
		AF07A3A427E8814C001D2759 /* ReceiveAndBuy.swift in Sources */ = {isa = PBXBuildFile; fileRef = AF07A3A227E8814C001D2759 /* ReceiveAndBuy.swift */; };
		AF07A3A527E8814C001D2759 /* ReceiveAndBuy.swift in Sources */ = {isa = PBXBuildFile; fileRef = AF07A3A227E8814C001D2759 /* ReceiveAndBuy.swift */; };
		AF73D18A27E858680041D489 /* EthernityWalletApp.swift in Sources */ = {isa = PBXBuildFile; fileRef = AF73D18927E858680041D489 /* EthernityWalletApp.swift */; };
		AF73D18C27E858680041D489 /* ContentView.swift in Sources */ = {isa = PBXBuildFile; fileRef = AF73D18B27E858680041D489 /* ContentView.swift */; };
		AF73D18E27E8587E0041D489 /* Assets.xcassets in Resources */ = {isa = PBXBuildFile; fileRef = AF73D18D27E8587E0041D489 /* Assets.xcassets */; };
		AF73D19127E8587E0041D489 /* Preview Assets.xcassets in Resources */ = {isa = PBXBuildFile; fileRef = AF73D19027E8587E0041D489 /* Preview Assets.xcassets */; };
		AF73D19B27E8587E0041D489 /* EthernityWalletTests.swift in Sources */ = {isa = PBXBuildFile; fileRef = AF73D19A27E8587E0041D489 /* EthernityWalletTests.swift */; };
		AF73D1A527E8587E0041D489 /* EthernityWalletUITests.swift in Sources */ = {isa = PBXBuildFile; fileRef = AF73D1A427E8587E0041D489 /* EthernityWalletUITests.swift */; };
		AF73D1A727E8587E0041D489 /* EthernityWalletUITestsLaunchTests.swift in Sources */ = {isa = PBXBuildFile; fileRef = AF73D1A627E8587E0041D489 /* EthernityWalletUITestsLaunchTests.swift */; };
/* End PBXBuildFile section */

/* Begin PBXContainerItemProxy section */
		AF73D19727E8587E0041D489 /* PBXContainerItemProxy */ = {
			isa = PBXContainerItemProxy;
			containerPortal = AF73D17E27E858680041D489 /* Project object */;
			proxyType = 1;
			remoteGlobalIDString = AF73D18527E858680041D489;
			remoteInfo = EthernityWallet;
		};
		AF73D1A127E8587E0041D489 /* PBXContainerItemProxy */ = {
			isa = PBXContainerItemProxy;
			containerPortal = AF73D17E27E858680041D489 /* Project object */;
			proxyType = 1;
			remoteGlobalIDString = AF73D18527E858680041D489;
			remoteInfo = EthernityWallet;
		};
/* End PBXContainerItemProxy section */

/* Begin PBXFileReference section */
		AF07A38E27E85FF1001D2759 /* MainView.swift */ = {isa = PBXFileReference; lastKnownFileType = sourcecode.swift; path = MainView.swift; sourceTree = "<group>"; };
		AF07A39227E8600F001D2759 /* Header.swift */ = {isa = PBXFileReference; lastKnownFileType = sourcecode.swift; path = Header.swift; sourceTree = "<group>"; };
		AF07A39627E864A7001D2759 /* AccountList.swift */ = {isa = PBXFileReference; lastKnownFileType = sourcecode.swift; path = AccountList.swift; sourceTree = "<group>"; };
		AF07A39A27E87016001D2759 /* Account.swift */ = {isa = PBXFileReference; lastKnownFileType = sourcecode.swift; path = Account.swift; sourceTree = "<group>"; };
		AF07A39E27E8707B001D2759 /* AddAccount.swift */ = {isa = PBXFileReference; lastKnownFileType = sourcecode.swift; path = AddAccount.swift; sourceTree = "<group>"; };
		AF07A3A227E8814C001D2759 /* ReceiveAndBuy.swift */ = {isa = PBXFileReference; lastKnownFileType = sourcecode.swift; path = ReceiveAndBuy.swift; sourceTree = "<group>"; };
		AF73D18627E858680041D489 /* EthernityWallet.app */ = {isa = PBXFileReference; explicitFileType = wrapper.application; includeInIndex = 0; path = EthernityWallet.app; sourceTree = BUILT_PRODUCTS_DIR; };
		AF73D18927E858680041D489 /* EthernityWalletApp.swift */ = {isa = PBXFileReference; lastKnownFileType = sourcecode.swift; path = EthernityWalletApp.swift; sourceTree = "<group>"; };
		AF73D18B27E858680041D489 /* ContentView.swift */ = {isa = PBXFileReference; lastKnownFileType = sourcecode.swift; path = ContentView.swift; sourceTree = "<group>"; };
		AF73D18D27E8587E0041D489 /* Assets.xcassets */ = {isa = PBXFileReference; lastKnownFileType = folder.assetcatalog; path = Assets.xcassets; sourceTree = "<group>"; };
		AF73D19027E8587E0041D489 /* Preview Assets.xcassets */ = {isa = PBXFileReference; lastKnownFileType = folder.assetcatalog; path = "Preview Assets.xcassets"; sourceTree = "<group>"; };
		AF73D19627E8587E0041D489 /* EthernityWalletTests.xctest */ = {isa = PBXFileReference; explicitFileType = wrapper.cfbundle; includeInIndex = 0; path = EthernityWalletTests.xctest; sourceTree = BUILT_PRODUCTS_DIR; };
		AF73D19A27E8587E0041D489 /* EthernityWalletTests.swift */ = {isa = PBXFileReference; lastKnownFileType = sourcecode.swift; path = EthernityWalletTests.swift; sourceTree = "<group>"; };
		AF73D1A027E8587E0041D489 /* EthernityWalletUITests.xctest */ = {isa = PBXFileReference; explicitFileType = wrapper.cfbundle; includeInIndex = 0; path = EthernityWalletUITests.xctest; sourceTree = BUILT_PRODUCTS_DIR; };
		AF73D1A427E8587E0041D489 /* EthernityWalletUITests.swift */ = {isa = PBXFileReference; lastKnownFileType = sourcecode.swift; path = EthernityWalletUITests.swift; sourceTree = "<group>"; };
		AF73D1A627E8587E0041D489 /* EthernityWalletUITestsLaunchTests.swift */ = {isa = PBXFileReference; lastKnownFileType = sourcecode.swift; path = EthernityWalletUITestsLaunchTests.swift; sourceTree = "<group>"; };
/* End PBXFileReference section */

/* Begin PBXFrameworksBuildPhase section */
		AF73D18327E858680041D489 /* Frameworks */ = {
			isa = PBXFrameworksBuildPhase;
			buildActionMask = 2147483647;
			files = (
			);
			runOnlyForDeploymentPostprocessing = 0;
		};
		AF73D19327E8587E0041D489 /* Frameworks */ = {
			isa = PBXFrameworksBuildPhase;
			buildActionMask = 2147483647;
			files = (
			);
			runOnlyForDeploymentPostprocessing = 0;
		};
		AF73D19D27E8587E0041D489 /* Frameworks */ = {
			isa = PBXFrameworksBuildPhase;
			buildActionMask = 2147483647;
			files = (
			);
			runOnlyForDeploymentPostprocessing = 0;
		};
/* End PBXFrameworksBuildPhase section */

/* Begin PBXGroup section */
		AF07A38927E85F44001D2759 /* Main */ = {
			isa = PBXGroup;
			children = (
				AF07A38E27E85FF1001D2759 /* MainView.swift */,
				AF07A39227E8600F001D2759 /* Header.swift */,
				AF07A39627E864A7001D2759 /* AccountList.swift */,
				AF07A39A27E87016001D2759 /* Account.swift */,
				AF07A39E27E8707B001D2759 /* AddAccount.swift */,
				AF07A3A227E8814C001D2759 /* ReceiveAndBuy.swift */,
			);
			path = Main;
			sourceTree = "<group>";
		};
		AF73D17D27E858680041D489 = {
			isa = PBXGroup;
			children = (
				AF07A38927E85F44001D2759 /* Main */,
				AF73D18827E858680041D489 /* EthernityWallet */,
				AF73D19927E8587E0041D489 /* EthernityWalletTests */,
				AF73D1A327E8587E0041D489 /* EthernityWalletUITests */,
				AF73D18727E858680041D489 /* Products */,
			);
			sourceTree = "<group>";
		};
		AF73D18727E858680041D489 /* Products */ = {
			isa = PBXGroup;
			children = (
				AF73D18627E858680041D489 /* EthernityWallet.app */,
				AF73D19627E8587E0041D489 /* EthernityWalletTests.xctest */,
				AF73D1A027E8587E0041D489 /* EthernityWalletUITests.xctest */,
			);
			name = Products;
			sourceTree = "<group>";
		};
		AF73D18827E858680041D489 /* EthernityWallet */ = {
			isa = PBXGroup;
			children = (
				AF73D18927E858680041D489 /* EthernityWalletApp.swift */,
				AF73D18B27E858680041D489 /* ContentView.swift */,
				AF73D18D27E8587E0041D489 /* Assets.xcassets */,
				AF73D18F27E8587E0041D489 /* Preview Content */,
			);
			path = EthernityWallet;
			sourceTree = "<group>";
		};
		AF73D18F27E8587E0041D489 /* Preview Content */ = {
			isa = PBXGroup;
			children = (
				AF73D19027E8587E0041D489 /* Preview Assets.xcassets */,
			);
			path = "Preview Content";
			sourceTree = "<group>";
		};
		AF73D19927E8587E0041D489 /* EthernityWalletTests */ = {
			isa = PBXGroup;
			children = (
				AF73D19A27E8587E0041D489 /* EthernityWalletTests.swift */,
			);
			path = EthernityWalletTests;
			sourceTree = "<group>";
		};
		AF73D1A327E8587E0041D489 /* EthernityWalletUITests */ = {
			isa = PBXGroup;
			children = (
				AF73D1A427E8587E0041D489 /* EthernityWalletUITests.swift */,
				AF73D1A627E8587E0041D489 /* EthernityWalletUITestsLaunchTests.swift */,
			);
			path = EthernityWalletUITests;
			sourceTree = "<group>";
		};
/* End PBXGroup section */

/* Begin PBXNativeTarget section */
		AF73D18527E858680041D489 /* EthernityWallet */ = {
			isa = PBXNativeTarget;
			buildConfigurationList = AF73D1AA27E8587E0041D489 /* Build configuration list for PBXNativeTarget "EthernityWallet" */;
			buildPhases = (
				AF73D18227E858680041D489 /* Sources */,
				AF73D18327E858680041D489 /* Frameworks */,
				AF73D18427E858680041D489 /* Resources */,
			);
			buildRules = (
			);
			dependencies = (
			);
			name = EthernityWallet;
			productName = EthernityWallet;
			productReference = AF73D18627E858680041D489 /* EthernityWallet.app */;
			productType = "com.apple.product-type.application";
		};
		AF73D19527E8587E0041D489 /* EthernityWalletTests */ = {
			isa = PBXNativeTarget;
			buildConfigurationList = AF73D1AD27E8587E0041D489 /* Build configuration list for PBXNativeTarget "EthernityWalletTests" */;
			buildPhases = (
				AF73D19227E8587E0041D489 /* Sources */,
				AF73D19327E8587E0041D489 /* Frameworks */,
				AF73D19427E8587E0041D489 /* Resources */,
			);
			buildRules = (
			);
			dependencies = (
				AF73D19827E8587E0041D489 /* PBXTargetDependency */,
			);
			name = EthernityWalletTests;
			productName = EthernityWalletTests;
			productReference = AF73D19627E8587E0041D489 /* EthernityWalletTests.xctest */;
			productType = "com.apple.product-type.bundle.unit-test";
		};
		AF73D19F27E8587E0041D489 /* EthernityWalletUITests */ = {
			isa = PBXNativeTarget;
			buildConfigurationList = AF73D1B027E8587E0041D489 /* Build configuration list for PBXNativeTarget "EthernityWalletUITests" */;
			buildPhases = (
				AF73D19C27E8587E0041D489 /* Sources */,
				AF73D19D27E8587E0041D489 /* Frameworks */,
				AF73D19E27E8587E0041D489 /* Resources */,
			);
			buildRules = (
			);
			dependencies = (
				AF73D1A227E8587E0041D489 /* PBXTargetDependency */,
			);
			name = EthernityWalletUITests;
			productName = EthernityWalletUITests;
			productReference = AF73D1A027E8587E0041D489 /* EthernityWalletUITests.xctest */;
			productType = "com.apple.product-type.bundle.ui-testing";
		};
/* End PBXNativeTarget section */

/* Begin PBXProject section */
		AF73D17E27E858680041D489 /* Project object */ = {
			isa = PBXProject;
			attributes = {
				BuildIndependentTargetsInParallel = 1;
				LastSwiftUpdateCheck = 1300;
				LastUpgradeCheck = 1300;
				TargetAttributes = {
					AF73D18527E858680041D489 = {
						CreatedOnToolsVersion = 13.0;
					};
					AF73D19527E8587E0041D489 = {
						CreatedOnToolsVersion = 13.0;
						TestTargetID = AF73D18527E858680041D489;
					};
					AF73D19F27E8587E0041D489 = {
						CreatedOnToolsVersion = 13.0;
						TestTargetID = AF73D18527E858680041D489;
					};
				};
			};
			buildConfigurationList = AF73D18127E858680041D489 /* Build configuration list for PBXProject "EthernityWallet" */;
			compatibilityVersion = "Xcode 13.0";
			developmentRegion = en;
			hasScannedForEncodings = 0;
			knownRegions = (
				en,
				Base,
			);
			mainGroup = AF73D17D27E858680041D489;
			productRefGroup = AF73D18727E858680041D489 /* Products */;
			projectDirPath = "";
			projectRoot = "";
			targets = (
				AF73D18527E858680041D489 /* EthernityWallet */,
				AF73D19527E8587E0041D489 /* EthernityWalletTests */,
				AF73D19F27E8587E0041D489 /* EthernityWalletUITests */,
			);
		};
/* End PBXProject section */

/* Begin PBXResourcesBuildPhase section */
		AF73D18427E858680041D489 /* Resources */ = {
			isa = PBXResourcesBuildPhase;
			buildActionMask = 2147483647;
			files = (
				AF73D19127E8587E0041D489 /* Preview Assets.xcassets in Resources */,
				AF73D18E27E8587E0041D489 /* Assets.xcassets in Resources */,
			);
			runOnlyForDeploymentPostprocessing = 0;
		};
		AF73D19427E8587E0041D489 /* Resources */ = {
			isa = PBXResourcesBuildPhase;
			buildActionMask = 2147483647;
			files = (
			);
			runOnlyForDeploymentPostprocessing = 0;
		};
		AF73D19E27E8587E0041D489 /* Resources */ = {
			isa = PBXResourcesBuildPhase;
			buildActionMask = 2147483647;
			files = (
			);
			runOnlyForDeploymentPostprocessing = 0;
		};
/* End PBXResourcesBuildPhase section */

/* Begin PBXSourcesBuildPhase section */
		AF73D18227E858680041D489 /* Sources */ = {
			isa = PBXSourcesBuildPhase;
			buildActionMask = 2147483647;
			files = (
				AF07A39727E864A7001D2759 /* AccountList.swift in Sources */,
				AF07A39327E8600F001D2759 /* Header.swift in Sources */,
				AF73D18C27E858680041D489 /* ContentView.swift in Sources */,
				AF07A38F27E85FF1001D2759 /* MainView.swift in Sources */,
				AF07A3A327E8814C001D2759 /* ReceiveAndBuy.swift in Sources */,
				AF73D18A27E858680041D489 /* EthernityWalletApp.swift in Sources */,
				AF07A39F27E8707B001D2759 /* AddAccount.swift in Sources */,
				AF07A39B27E87016001D2759 /* Account.swift in Sources */,
			);
			runOnlyForDeploymentPostprocessing = 0;
		};
		AF73D19227E8587E0041D489 /* Sources */ = {
			isa = PBXSourcesBuildPhase;
			buildActionMask = 2147483647;
			files = (
				AF07A39C27E87016001D2759 /* Account.swift in Sources */,
				AF07A3A427E8814C001D2759 /* ReceiveAndBuy.swift in Sources */,
				AF73D19B27E8587E0041D489 /* EthernityWalletTests.swift in Sources */,
				AF07A39827E864A7001D2759 /* AccountList.swift in Sources */,
				AF07A3A027E8707B001D2759 /* AddAccount.swift in Sources */,
				AF07A39427E8600F001D2759 /* Header.swift in Sources */,
				AF07A39027E85FF1001D2759 /* MainView.swift in Sources */,
			);
			runOnlyForDeploymentPostprocessing = 0;
		};
		AF73D19C27E8587E0041D489 /* Sources */ = {
			isa = PBXSourcesBuildPhase;
			buildActionMask = 2147483647;
			files = (
				AF07A39927E864A7001D2759 /* AccountList.swift in Sources */,
				AF07A39527E8600F001D2759 /* Header.swift in Sources */,
				AF73D1A727E8587E0041D489 /* EthernityWalletUITestsLaunchTests.swift in Sources */,
				AF07A39127E85FF1001D2759 /* MainView.swift in Sources */,
				AF07A3A527E8814C001D2759 /* ReceiveAndBuy.swift in Sources */,
				AF73D1A527E8587E0041D489 /* EthernityWalletUITests.swift in Sources */,
				AF07A3A127E8707B001D2759 /* AddAccount.swift in Sources */,
				AF07A39D27E87016001D2759 /* Account.swift in Sources */,
			);
			runOnlyForDeploymentPostprocessing = 0;
		};
/* End PBXSourcesBuildPhase section */

/* Begin PBXTargetDependency section */
		AF73D19827E8587E0041D489 /* PBXTargetDependency */ = {
			isa = PBXTargetDependency;
			target = AF73D18527E858680041D489 /* EthernityWallet */;
			targetProxy = AF73D19727E8587E0041D489 /* PBXContainerItemProxy */;
		};
		AF73D1A227E8587E0041D489 /* PBXTargetDependency */ = {
			isa = PBXTargetDependency;
			target = AF73D18527E858680041D489 /* EthernityWallet */;
			targetProxy = AF73D1A127E8587E0041D489 /* PBXContainerItemProxy */;
		};
/* End PBXTargetDependency section */

/* Begin XCBuildConfiguration section */
		AF73D1A827E8587E0041D489 /* Debug */ = {
			isa = XCBuildConfiguration;
			buildSettings = {
				ALWAYS_SEARCH_USER_PATHS = NO;
				CLANG_ANALYZER_NONNULL = YES;
				CLANG_ANALYZER_NUMBER_OBJECT_CONVERSION = YES_AGGRESSIVE;
				CLANG_CXX_LANGUAGE_STANDARD = "gnu++17";
				CLANG_CXX_LIBRARY = "libc++";
				CLANG_ENABLE_MODULES = YES;
				CLANG_ENABLE_OBJC_ARC = YES;
				CLANG_ENABLE_OBJC_WEAK = YES;
				CLANG_WARN_BLOCK_CAPTURE_AUTORELEASING = YES;
				CLANG_WARN_BOOL_CONVERSION = YES;
				CLANG_WARN_COMMA = YES;
				CLANG_WARN_CONSTANT_CONVERSION = YES;
				CLANG_WARN_DEPRECATED_OBJC_IMPLEMENTATIONS = YES;
				CLANG_WARN_DIRECT_OBJC_ISA_USAGE = YES_ERROR;
				CLANG_WARN_DOCUMENTATION_COMMENTS = YES;
				CLANG_WARN_EMPTY_BODY = YES;
				CLANG_WARN_ENUM_CONVERSION = YES;
				CLANG_WARN_INFINITE_RECURSION = YES;
				CLANG_WARN_INT_CONVERSION = YES;
				CLANG_WARN_NON_LITERAL_NULL_CONVERSION = YES;
				CLANG_WARN_OBJC_IMPLICIT_RETAIN_SELF = YES;
				CLANG_WARN_OBJC_LITERAL_CONVERSION = YES;
				CLANG_WARN_OBJC_ROOT_CLASS = YES_ERROR;
				CLANG_WARN_QUOTED_INCLUDE_IN_FRAMEWORK_HEADER = YES;
				CLANG_WARN_RANGE_LOOP_ANALYSIS = YES;
				CLANG_WARN_STRICT_PROTOTYPES = YES;
				CLANG_WARN_SUSPICIOUS_MOVE = YES;
				CLANG_WARN_UNGUARDED_AVAILABILITY = YES_AGGRESSIVE;
				CLANG_WARN_UNREACHABLE_CODE = YES;
				CLANG_WARN__DUPLICATE_METHOD_MATCH = YES;
				COPY_PHASE_STRIP = NO;
				DEBUG_INFORMATION_FORMAT = dwarf;
				ENABLE_STRICT_OBJC_MSGSEND = YES;
				ENABLE_TESTABILITY = YES;
				GCC_C_LANGUAGE_STANDARD = gnu11;
				GCC_DYNAMIC_NO_PIC = NO;
				GCC_NO_COMMON_BLOCKS = YES;
				GCC_OPTIMIZATION_LEVEL = 0;
				GCC_PREPROCESSOR_DEFINITIONS = (
					"DEBUG=1",
					"$(inherited)",
				);
				GCC_WARN_64_TO_32_BIT_CONVERSION = YES;
				GCC_WARN_ABOUT_RETURN_TYPE = YES_ERROR;
				GCC_WARN_UNDECLARED_SELECTOR = YES;
				GCC_WARN_UNINITIALIZED_AUTOS = YES_AGGRESSIVE;
				GCC_WARN_UNUSED_FUNCTION = YES;
				GCC_WARN_UNUSED_VARIABLE = YES;
				IPHONEOS_DEPLOYMENT_TARGET = 15.0;
				MTL_ENABLE_DEBUG_INFO = INCLUDE_SOURCE;
				MTL_FAST_MATH = YES;
				ONLY_ACTIVE_ARCH = YES;
				SDKROOT = iphoneos;
				SWIFT_ACTIVE_COMPILATION_CONDITIONS = DEBUG;
				SWIFT_OPTIMIZATION_LEVEL = "-Onone";
			};
			name = Debug;
		};
		AF73D1A927E8587E0041D489 /* Release */ = {
			isa = XCBuildConfiguration;
			buildSettings = {
				ALWAYS_SEARCH_USER_PATHS = NO;
				CLANG_ANALYZER_NONNULL = YES;
				CLANG_ANALYZER_NUMBER_OBJECT_CONVERSION = YES_AGGRESSIVE;
				CLANG_CXX_LANGUAGE_STANDARD = "gnu++17";
				CLANG_CXX_LIBRARY = "libc++";
				CLANG_ENABLE_MODULES = YES;
				CLANG_ENABLE_OBJC_ARC = YES;
				CLANG_ENABLE_OBJC_WEAK = YES;
				CLANG_WARN_BLOCK_CAPTURE_AUTORELEASING = YES;
				CLANG_WARN_BOOL_CONVERSION = YES;
				CLANG_WARN_COMMA = YES;
				CLANG_WARN_CONSTANT_CONVERSION = YES;
				CLANG_WARN_DEPRECATED_OBJC_IMPLEMENTATIONS = YES;
				CLANG_WARN_DIRECT_OBJC_ISA_USAGE = YES_ERROR;
				CLANG_WARN_DOCUMENTATION_COMMENTS = YES;
				CLANG_WARN_EMPTY_BODY = YES;
				CLANG_WARN_ENUM_CONVERSION = YES;
				CLANG_WARN_INFINITE_RECURSION = YES;
				CLANG_WARN_INT_CONVERSION = YES;
				CLANG_WARN_NON_LITERAL_NULL_CONVERSION = YES;
				CLANG_WARN_OBJC_IMPLICIT_RETAIN_SELF = YES;
				CLANG_WARN_OBJC_LITERAL_CONVERSION = YES;
				CLANG_WARN_OBJC_ROOT_CLASS = YES_ERROR;
				CLANG_WARN_QUOTED_INCLUDE_IN_FRAMEWORK_HEADER = YES;
				CLANG_WARN_RANGE_LOOP_ANALYSIS = YES;
				CLANG_WARN_STRICT_PROTOTYPES = YES;
				CLANG_WARN_SUSPICIOUS_MOVE = YES;
				CLANG_WARN_UNGUARDED_AVAILABILITY = YES_AGGRESSIVE;
				CLANG_WARN_UNREACHABLE_CODE = YES;
				CLANG_WARN__DUPLICATE_METHOD_MATCH = YES;
				COPY_PHASE_STRIP = NO;
				DEBUG_INFORMATION_FORMAT = "dwarf-with-dsym";
				ENABLE_NS_ASSERTIONS = NO;
				ENABLE_STRICT_OBJC_MSGSEND = YES;
				GCC_C_LANGUAGE_STANDARD = gnu11;
				GCC_NO_COMMON_BLOCKS = YES;
				GCC_WARN_64_TO_32_BIT_CONVERSION = YES;
				GCC_WARN_ABOUT_RETURN_TYPE = YES_ERROR;
				GCC_WARN_UNDECLARED_SELECTOR = YES;
				GCC_WARN_UNINITIALIZED_AUTOS = YES_AGGRESSIVE;
				GCC_WARN_UNUSED_FUNCTION = YES;
				GCC_WARN_UNUSED_VARIABLE = YES;
				IPHONEOS_DEPLOYMENT_TARGET = 15.0;
				MTL_ENABLE_DEBUG_INFO = NO;
				MTL_FAST_MATH = YES;
				SDKROOT = iphoneos;
				SWIFT_COMPILATION_MODE = wholemodule;
				SWIFT_OPTIMIZATION_LEVEL = "-O";
				VALIDATE_PRODUCT = YES;
			};
			name = Release;
		};
		AF73D1AB27E8587E0041D489 /* Debug */ = {
			isa = XCBuildConfiguration;
			buildSettings = {
				ASSETCATALOG_COMPILER_APPICON_NAME = AppIcon;
				ASSETCATALOG_COMPILER_GLOBAL_ACCENT_COLOR_NAME = AccentColor;
				CODE_SIGN_STYLE = Automatic;
				CURRENT_PROJECT_VERSION = 1;
				DEVELOPMENT_ASSET_PATHS = "\"EthernityWallet/Preview Content\"";
				DEVELOPMENT_TEAM = W2Q85SUXN9;
				ENABLE_PREVIEWS = YES;
				GENERATE_INFOPLIST_FILE = YES;
				INFOPLIST_KEY_UIApplicationSceneManifest_Generation = YES;
				INFOPLIST_KEY_UIApplicationSupportsIndirectInputEvents = YES;
				INFOPLIST_KEY_UILaunchScreen_Generation = YES;
				INFOPLIST_KEY_UISupportedInterfaceOrientations_iPad = "UIInterfaceOrientationPortrait UIInterfaceOrientationPortraitUpsideDown UIInterfaceOrientationLandscapeLeft UIInterfaceOrientationLandscapeRight";
				INFOPLIST_KEY_UISupportedInterfaceOrientations_iPhone = "UIInterfaceOrientationPortrait UIInterfaceOrientationLandscapeLeft UIInterfaceOrientationLandscapeRight";
				IPHONEOS_DEPLOYMENT_TARGET = 14.0;
				LD_RUNPATH_SEARCH_PATHS = (
					"$(inherited)",
					"@executable_path/Frameworks",
				);
				MARKETING_VERSION = 1.0;
				PRODUCT_BUNDLE_IDENTIFIER = com.lastpass.EthernityWallet;
				PRODUCT_NAME = "$(TARGET_NAME)";
				SWIFT_EMIT_LOC_STRINGS = YES;
				SWIFT_VERSION = 5.0;
				TARGETED_DEVICE_FAMILY = "1,2";
			};
			name = Debug;
		};
		AF73D1AC27E8587E0041D489 /* Release */ = {
			isa = XCBuildConfiguration;
			buildSettings = {
				ASSETCATALOG_COMPILER_APPICON_NAME = AppIcon;
				ASSETCATALOG_COMPILER_GLOBAL_ACCENT_COLOR_NAME = AccentColor;
				CODE_SIGN_STYLE = Automatic;
				CURRENT_PROJECT_VERSION = 1;
				DEVELOPMENT_ASSET_PATHS = "\"EthernityWallet/Preview Content\"";
				DEVELOPMENT_TEAM = W2Q85SUXN9;
				ENABLE_PREVIEWS = YES;
				GENERATE_INFOPLIST_FILE = YES;
				INFOPLIST_KEY_UIApplicationSceneManifest_Generation = YES;
				INFOPLIST_KEY_UIApplicationSupportsIndirectInputEvents = YES;
				INFOPLIST_KEY_UILaunchScreen_Generation = YES;
				INFOPLIST_KEY_UISupportedInterfaceOrientations_iPad = "UIInterfaceOrientationPortrait UIInterfaceOrientationPortraitUpsideDown UIInterfaceOrientationLandscapeLeft UIInterfaceOrientationLandscapeRight";
				INFOPLIST_KEY_UISupportedInterfaceOrientations_iPhone = "UIInterfaceOrientationPortrait UIInterfaceOrientationLandscapeLeft UIInterfaceOrientationLandscapeRight";
				IPHONEOS_DEPLOYMENT_TARGET = 14.0;
				LD_RUNPATH_SEARCH_PATHS = (
					"$(inherited)",
					"@executable_path/Frameworks",
				);
				MARKETING_VERSION = 1.0;
				PRODUCT_BUNDLE_IDENTIFIER = com.lastpass.EthernityWallet;
				PRODUCT_NAME = "$(TARGET_NAME)";
				SWIFT_EMIT_LOC_STRINGS = YES;
				SWIFT_VERSION = 5.0;
				TARGETED_DEVICE_FAMILY = "1,2";
			};
			name = Release;
		};
		AF73D1AE27E8587E0041D489 /* Debug */ = {
			isa = XCBuildConfiguration;
			buildSettings = {
				ALWAYS_EMBED_SWIFT_STANDARD_LIBRARIES = YES;
				BUNDLE_LOADER = "$(TEST_HOST)";
				CODE_SIGN_STYLE = Automatic;
				CURRENT_PROJECT_VERSION = 1;
				DEVELOPMENT_TEAM = W2Q85SUXN9;
				GENERATE_INFOPLIST_FILE = YES;
				IPHONEOS_DEPLOYMENT_TARGET = 14.0;
				LD_RUNPATH_SEARCH_PATHS = (
					"$(inherited)",
					"@executable_path/Frameworks",
					"@loader_path/Frameworks",
				);
				MARKETING_VERSION = 1.0;
				PRODUCT_BUNDLE_IDENTIFIER = com.lastpass.EthernityWalletTests;
				PRODUCT_NAME = "$(TARGET_NAME)";
				SWIFT_EMIT_LOC_STRINGS = NO;
				SWIFT_VERSION = 5.0;
				TARGETED_DEVICE_FAMILY = "1,2";
				TEST_HOST = "$(BUILT_PRODUCTS_DIR)/EthernityWallet.app/EthernityWallet";
			};
			name = Debug;
		};
		AF73D1AF27E8587E0041D489 /* Release */ = {
			isa = XCBuildConfiguration;
			buildSettings = {
				ALWAYS_EMBED_SWIFT_STANDARD_LIBRARIES = YES;
				BUNDLE_LOADER = "$(TEST_HOST)";
				CODE_SIGN_STYLE = Automatic;
				CURRENT_PROJECT_VERSION = 1;
				DEVELOPMENT_TEAM = W2Q85SUXN9;
				GENERATE_INFOPLIST_FILE = YES;
				IPHONEOS_DEPLOYMENT_TARGET = 14.0;
				LD_RUNPATH_SEARCH_PATHS = (
					"$(inherited)",
					"@executable_path/Frameworks",
					"@loader_path/Frameworks",
				);
				MARKETING_VERSION = 1.0;
				PRODUCT_BUNDLE_IDENTIFIER = com.lastpass.EthernityWalletTests;
				PRODUCT_NAME = "$(TARGET_NAME)";
				SWIFT_EMIT_LOC_STRINGS = NO;
				SWIFT_VERSION = 5.0;
				TARGETED_DEVICE_FAMILY = "1,2";
				TEST_HOST = "$(BUILT_PRODUCTS_DIR)/EthernityWallet.app/EthernityWallet";
			};
			name = Release;
		};
		AF73D1B127E8587E0041D489 /* Debug */ = {
			isa = XCBuildConfiguration;
			buildSettings = {
				ALWAYS_EMBED_SWIFT_STANDARD_LIBRARIES = YES;
				CODE_SIGN_STYLE = Automatic;
				CURRENT_PROJECT_VERSION = 1;
				DEVELOPMENT_TEAM = W2Q85SUXN9;
				GENERATE_INFOPLIST_FILE = YES;
				LD_RUNPATH_SEARCH_PATHS = (
					"$(inherited)",
					"@executable_path/Frameworks",
					"@loader_path/Frameworks",
				);
				MARKETING_VERSION = 1.0;
				PRODUCT_BUNDLE_IDENTIFIER = com.lastpass.EthernityWalletUITests;
				PRODUCT_NAME = "$(TARGET_NAME)";
				SWIFT_EMIT_LOC_STRINGS = NO;
				SWIFT_VERSION = 5.0;
				TARGETED_DEVICE_FAMILY = "1,2";
				TEST_TARGET_NAME = EthernityWallet;
			};
			name = Debug;
		};
		AF73D1B227E8587E0041D489 /* Release */ = {
			isa = XCBuildConfiguration;
			buildSettings = {
				ALWAYS_EMBED_SWIFT_STANDARD_LIBRARIES = YES;
				CODE_SIGN_STYLE = Automatic;
				CURRENT_PROJECT_VERSION = 1;
				DEVELOPMENT_TEAM = W2Q85SUXN9;
				GENERATE_INFOPLIST_FILE = YES;
				LD_RUNPATH_SEARCH_PATHS = (
					"$(inherited)",
					"@executable_path/Frameworks",
					"@loader_path/Frameworks",
				);
				MARKETING_VERSION = 1.0;
				PRODUCT_BUNDLE_IDENTIFIER = com.lastpass.EthernityWalletUITests;
				PRODUCT_NAME = "$(TARGET_NAME)";
				SWIFT_EMIT_LOC_STRINGS = NO;
				SWIFT_VERSION = 5.0;
				TARGETED_DEVICE_FAMILY = "1,2";
				TEST_TARGET_NAME = EthernityWallet;
			};
			name = Release;
		};
/* End XCBuildConfiguration section */

/* Begin XCConfigurationList section */
		AF73D18127E858680041D489 /* Build configuration list for PBXProject "EthernityWallet" */ = {
			isa = XCConfigurationList;
			buildConfigurations = (
				AF73D1A827E8587E0041D489 /* Debug */,
				AF73D1A927E8587E0041D489 /* Release */,
			);
			defaultConfigurationIsVisible = 0;
			defaultConfigurationName = Release;
		};
		AF73D1AA27E8587E0041D489 /* Build configuration list for PBXNativeTarget "EthernityWallet" */ = {
			isa = XCConfigurationList;
			buildConfigurations = (
				AF73D1AB27E8587E0041D489 /* Debug */,
				AF73D1AC27E8587E0041D489 /* Release */,
			);
			defaultConfigurationIsVisible = 0;
			defaultConfigurationName = Release;
		};
		AF73D1AD27E8587E0041D489 /* Build configuration list for PBXNativeTarget "EthernityWalletTests" */ = {
			isa = XCConfigurationList;
			buildConfigurations = (
				AF73D1AE27E8587E0041D489 /* Debug */,
				AF73D1AF27E8587E0041D489 /* Release */,
			);
			defaultConfigurationIsVisible = 0;
			defaultConfigurationName = Release;
		};
		AF73D1B027E8587E0041D489 /* Build configuration list for PBXNativeTarget "EthernityWalletUITests" */ = {
			isa = XCConfigurationList;
			buildConfigurations = (
				AF73D1B127E8587E0041D489 /* Debug */,
				AF73D1B227E8587E0041D489 /* Release */,
			);
			defaultConfigurationIsVisible = 0;
			defaultConfigurationName = Release;
		};
/* End XCConfigurationList section */
	};
	rootObject = AF73D17E27E858680041D489 /* Project object */;
}
